
Microsoft Visual Studio Solution File, Format Version 12.00
# Visual Studio 14
VisualStudioVersion = 14.0.25420.1
MinimumVisualStudioVersion = 10.0.40219.1
Project("{FAE04EC0-301F-11D3-BF4B-00C04F79EFBC}") = "ResponsiveWebsite2020", "ResponsiveWebsite2020\ResponsiveWebsite2020.csproj", "{358CEE9F-2056-4D5C-AF3B-11D85DAFB31D}"
EndProject
Global
	GlobalSection(SolutionConfigurationPlatforms) = preSolution
		Debug|Any CPU = Debug|Any CPU
		Release|Any CPU = Release|Any CPU
	EndGlobalSection
	GlobalSection(ProjectConfigurationPlatforms) = postSolution
		{358CEE9F-2056-4D5C-AF3B-11D85DAFB31D}.Debug|Any CPU.ActiveCfg = Debug|Any CPU
		{358CEE9F-2056-4D5C-AF3B-11D85DAFB31D}.Debug|Any CPU.Build.0 = Debug|Any CPU
		{358CEE9F-2056-4D5C-AF3B-11D85DAFB31D}.Release|Any CPU.ActiveCfg = Release|Any CPU
		{358CEE9F-2056-4D5C-AF3B-11D85DAFB31D}.Release|Any CPU.Build.0 = Release|Any CPU
	EndGlobalSection
	GlobalSection(SolutionProperties) = preSolution
		HideSolutionNode = FALSE
	EndGlobalSection
EndGlobal
